// !$*UTF8*$!
{
	archiveVersion = 1;
	classes = {
	};
	objectVersion = 54;
	objects = {

		/* ReleaseQA */ = {
			buildSettings = {
				ASSETCATALOG_COMPILER_APPICON_NAME = AppIcon;
				CLANG_ENABLE_MODULES = YES;
				CODE_SIGN_ENTITLEMENTS = LakeshoreProject/LakeshoreProject.entitlements;
				CODE_SIGN_IDENTITY = "iPhone Distribution";
				CODE_SIGN_STYLE = Manual;
				CURRENT_PROJECT_VERSION = 31;
				ENABLE_BITCODE = NO;
				INFOPLIST_FILE = LakeshoreProject/Info.plist;
				MARKETING_VERSION = 0.0.1;
				PRODUCT_BUNDLE_IDENTIFIER = com.lakeshorelearning.mobileapp;
				PRODUCT_NAME = Lakeshore;
				PROVISIONING_PROFILE_SPECIFIER = Lakeshore_Dist_Prod;
				SWIFT_OBJC_BRIDGING_HEADER = "LakeshoreProject-Bridging-Header.h";
				SWIFT_VERSION = 5.0;
				TARGETED_DEVICE_FAMILY = 1;
				VERSIONING_SYSTEM = "apple-generic";
			};
			name = ReleaseQA;
		};
   };
}
